
Microsoft Visual Studio Solution File, Format Version 12.00
# Visual Studio Version 17
VisualStudioVersion = 17.5.33502.453
MinimumVisualStudioVersion = 10.0.40219.1
Project("{FAE04EC0-301F-11D3-BF4B-00C04F79EFBC}") = "DelegateHW", "DelegateHW\DelegateHW.csproj", "{5F8D6AF8-C862-43B1-82A7-3D7F60CF852D}"
EndProject
Global
	GlobalSection(SolutionConfigurationPlatforms) = preSolution
		Debug|Any CPU = Debug|Any CPU
		Release|Any CPU = Release|Any CPU
	EndGlobalSection
	GlobalSection(ProjectConfigurationPlatforms) = postSolution
		{5F8D6AF8-C862-43B1-82A7-3D7F60CF852D}.Debug|Any CPU.ActiveCfg = Debug|Any CPU
		{5F8D6AF8-C862-43B1-82A7-3D7F60CF852D}.Debug|Any CPU.Build.0 = Debug|Any CPU
		{5F8D6AF8-C862-43B1-82A7-3D7F60CF852D}.Release|Any CPU.ActiveCfg = Release|Any CPU
		{5F8D6AF8-C862-43B1-82A7-3D7F60CF852D}.Release|Any CPU.Build.0 = Release|Any CPU
	EndGlobalSection
	GlobalSection(SolutionProperties) = preSolution
		HideSolutionNode = FALSE
	EndGlobalSection
	GlobalSection(ExtensibilityGlobals) = postSolution
		SolutionGuid = {76EC7D60-A25E-4583-B737-5774524BD7F1}
	EndGlobalSection
EndGlobal
